
Microsoft Visual Studio Solution File, Format Version 12.00
# Visual Studio Version 16
VisualStudioVersion = 16.0.31911.196
MinimumVisualStudioVersion = 10.0.40219.1
Project("{2150E333-8FDC-42A3-9474-1A3956D46DE8}") = "src", "src", "{C2F8FF63-7A48-4179-A720-86206C42F496}"
EndProject
Project("{2150E333-8FDC-42A3-9474-1A3956D46DE8}") = "Solution Items", "Solution Items", "{1710F546-49E2-4BAA-A8AB-655D55AD91CF}"
	ProjectSection(SolutionItems) = preProject
		.editorconfig = .editorconfig
		.gitattributes = .gitattributes
		.gitignore = .gitignore
		build.fsx = build.fsx
		global.json = global.json
		package.json = package.json
		paket.dependencies = paket.dependencies
		README.md = README.md
		SEMVER.md = SEMVER.md
	EndProjectSection
EndProject
Project("{2150E333-8FDC-42A3-9474-1A3956D46DE8}") = "test", "test", "{0FE5BAD8-80AF-4FAA-9A60-436A7675F923}"
EndProject
Project("{9A19103F-16F7-4668-BE54-9A1E7A4F7556}") = "Be.Vlaanderen.Basisregisters.Projector", "src\Be.Vlaanderen.Basisregisters.Projector\Be.Vlaanderen.Basisregisters.Projector.csproj", "{D8702CA8-A8A0-49BC-AE16-64371143865A}"
EndProject
Project("{9A19103F-16F7-4668-BE54-9A1E7A4F7556}") = "Be.Vlaanderen.Basisregisters.Projector.Tests", "test\Be.Vlaanderen.Basisregisters.Projector.Tests\Be.Vlaanderen.Basisregisters.Projector.Tests.csproj", "{EF030F24-7C90-4F67-8515-9E310B400170}"
EndProject
Project("{9A19103F-16F7-4668-BE54-9A1E7A4F7556}") = "Be.Vlaanderen.Basisregisters.Projector.TestProjections", "test\Be.Vlaanderen.Basisregisters.Projector.TestProjections\Be.Vlaanderen.Basisregisters.Projector.TestProjections.csproj", "{79816993-125A-4D83-9846-FDFB12C42BB1}"
EndProject
Project("{9A19103F-16F7-4668-BE54-9A1E7A4F7556}") = "Be.Vlaanderen.Basisregisters.Projector.TestScenarios", "test\Be.Vlaanderen.Basisregisters.Projector.TestScenarios\Be.Vlaanderen.Basisregisters.Projector.TestScenarios.csproj", "{D3A9D1ED-F71F-4F67-9B2A-CBAC5085366A}"
EndProject
Project("{FAE04EC0-301F-11D3-BF4B-00C04F79EFBC}") = "Be.Vlaanderen.Basisregisters.Projector.Query.Tests", "test\Be.Vlaanderen.Basisregisters.Projector.Query.Tests\Be.Vlaanderen.Basisregisters.Projector.Query.Tests.csproj", "{AEF5AF7B-9A1A-4EEE-BD32-DEF445EC78F4}"
EndProject
Global
	GlobalSection(SolutionConfigurationPlatforms) = preSolution
		Debug|Any CPU = Debug|Any CPU
		Debug|x64 = Debug|x64
		Debug|x86 = Debug|x86
		Release|Any CPU = Release|Any CPU
		Release|x64 = Release|x64
		Release|x86 = Release|x86
	EndGlobalSection
	GlobalSection(ProjectConfigurationPlatforms) = postSolution
		{D8702CA8-A8A0-49BC-AE16-64371143865A}.Debug|Any CPU.ActiveCfg = Debug|Any CPU
		{D8702CA8-A8A0-49BC-AE16-64371143865A}.Debug|Any CPU.Build.0 = Debug|Any CPU
		{D8702CA8-A8A0-49BC-AE16-64371143865A}.Debug|x64.ActiveCfg = Debug|Any CPU
		{D8702CA8-A8A0-49BC-AE16-64371143865A}.Debug|x64.Build.0 = Debug|Any CPU
		{D8702CA8-A8A0-49BC-AE16-64371143865A}.Debug|x86.ActiveCfg = Debug|Any CPU
		{D8702CA8-A8A0-49BC-AE16-64371143865A}.Debug|x86.Build.0 = Debug|Any CPU
		{D8702CA8-A8A0-49BC-AE16-64371143865A}.Release|Any CPU.ActiveCfg = Release|Any CPU
		{D8702CA8-A8A0-49BC-AE16-64371143865A}.Release|Any CPU.Build.0 = Release|Any CPU
		{D8702CA8-A8A0-49BC-AE16-64371143865A}.Release|x64.ActiveCfg = Release|Any CPU
		{D8702CA8-A8A0-49BC-AE16-64371143865A}.Release|x64.Build.0 = Release|Any CPU
		{D8702CA8-A8A0-49BC-AE16-64371143865A}.Release|x86.ActiveCfg = Release|Any CPU
		{D8702CA8-A8A0-49BC-AE16-64371143865A}.Release|x86.Build.0 = Release|Any CPU
		{EF030F24-7C90-4F67-8515-9E310B400170}.Debug|Any CPU.ActiveCfg = Debug|Any CPU
		{EF030F24-7C90-4F67-8515-9E310B400170}.Debug|Any CPU.Build.0 = Debug|Any CPU
		{EF030F24-7C90-4F67-8515-9E310B400170}.Debug|x64.ActiveCfg = Debug|Any CPU
		{EF030F24-7C90-4F67-8515-9E310B400170}.Debug|x64.Build.0 = Debug|Any CPU
		{EF030F24-7C90-4F67-8515-9E310B400170}.Debug|x86.ActiveCfg = Debug|Any CPU
		{EF030F24-7C90-4F67-8515-9E310B400170}.Debug|x86.Build.0 = Debug|Any CPU
		{EF030F24-7C90-4F67-8515-9E310B400170}.Release|Any CPU.ActiveCfg = Release|Any CPU
		{EF030F24-7C90-4F67-8515-9E310B400170}.Release|Any CPU.Build.0 = Release|Any CPU
		{EF030F24-7C90-4F67-8515-9E310B400170}.Release|x64.ActiveCfg = Release|Any CPU
		{EF030F24-7C90-4F67-8515-9E310B400170}.Release|x64.Build.0 = Release|Any CPU
		{EF030F24-7C90-4F67-8515-9E310B400170}.Release|x86.ActiveCfg = Release|Any CPU
		{EF030F24-7C90-4F67-8515-9E310B400170}.Release|x86.Build.0 = Release|Any CPU
		{79816993-125A-4D83-9846-FDFB12C42BB1}.Debug|Any CPU.ActiveCfg = Debug|Any CPU
		{79816993-125A-4D83-9846-FDFB12C42BB1}.Debug|Any CPU.Build.0 = Debug|Any CPU
		{79816993-125A-4D83-9846-FDFB12C42BB1}.Debug|x64.ActiveCfg = Debug|Any CPU
		{79816993-125A-4D83-9846-FDFB12C42BB1}.Debug|x64.Build.0 = Debug|Any CPU
		{79816993-125A-4D83-9846-FDFB12C42BB1}.Debug|x86.ActiveCfg = Debug|Any CPU
		{79816993-125A-4D83-9846-FDFB12C42BB1}.Debug|x86.Build.0 = Debug|Any CPU
		{79816993-125A-4D83-9846-FDFB12C42BB1}.Release|Any CPU.ActiveCfg = Release|Any CPU
		{79816993-125A-4D83-9846-FDFB12C42BB1}.Release|Any CPU.Build.0 = Release|Any CPU
		{79816993-125A-4D83-9846-FDFB12C42BB1}.Release|x64.ActiveCfg = Release|Any CPU
		{79816993-125A-4D83-9846-FDFB12C42BB1}.Release|x64.Build.0 = Release|Any CPU
		{79816993-125A-4D83-9846-FDFB12C42BB1}.Release|x86.ActiveCfg = Release|Any CPU
		{79816993-125A-4D83-9846-FDFB12C42BB1}.Release|x86.Build.0 = Release|Any CPU
		{D3A9D1ED-F71F-4F67-9B2A-CBAC5085366A}.Debug|Any CPU.ActiveCfg = Debug|Any CPU
		{D3A9D1ED-F71F-4F67-9B2A-CBAC5085366A}.Debug|Any CPU.Build.0 = Debug|Any CPU
		{D3A9D1ED-F71F-4F67-9B2A-CBAC5085366A}.Debug|x64.ActiveCfg = Debug|Any CPU
		{D3A9D1ED-F71F-4F67-9B2A-CBAC5085366A}.Debug|x64.Build.0 = Debug|Any CPU
		{D3A9D1ED-F71F-4F67-9B2A-CBAC5085366A}.Debug|x86.ActiveCfg = Debug|Any CPU
		{D3A9D1ED-F71F-4F67-9B2A-CBAC5085366A}.Debug|x86.Build.0 = Debug|Any CPU
		{D3A9D1ED-F71F-4F67-9B2A-CBAC5085366A}.Release|Any CPU.ActiveCfg = Release|Any CPU
		{D3A9D1ED-F71F-4F67-9B2A-CBAC5085366A}.Release|Any CPU.Build.0 = Release|Any CPU
		{D3A9D1ED-F71F-4F67-9B2A-CBAC5085366A}.Release|x64.ActiveCfg = Release|Any CPU
		{D3A9D1ED-F71F-4F67-9B2A-CBAC5085366A}.Release|x64.Build.0 = Release|Any CPU
		{D3A9D1ED-F71F-4F67-9B2A-CBAC5085366A}.Release|x86.ActiveCfg = Release|Any CPU
		{D3A9D1ED-F71F-4F67-9B2A-CBAC5085366A}.Release|x86.Build.0 = Release|Any CPU
		{AEF5AF7B-9A1A-4EEE-BD32-DEF445EC78F4}.Debug|Any CPU.ActiveCfg = Debug|Any CPU
		{AEF5AF7B-9A1A-4EEE-BD32-DEF445EC78F4}.Debug|Any CPU.Build.0 = Debug|Any CPU
		{AEF5AF7B-9A1A-4EEE-BD32-DEF445EC78F4}.Debug|x64.ActiveCfg = Debug|Any CPU
		{AEF5AF7B-9A1A-4EEE-BD32-DEF445EC78F4}.Debug|x64.Build.0 = Debug|Any CPU
		{AEF5AF7B-9A1A-4EEE-BD32-DEF445EC78F4}.Debug|x86.ActiveCfg = Debug|Any CPU
		{AEF5AF7B-9A1A-4EEE-BD32-DEF445EC78F4}.Debug|x86.Build.0 = Debug|Any CPU
		{AEF5AF7B-9A1A-4EEE-BD32-DEF445EC78F4}.Release|Any CPU.ActiveCfg = Release|Any CPU
		{AEF5AF7B-9A1A-4EEE-BD32-DEF445EC78F4}.Release|Any CPU.Build.0 = Release|Any CPU
		{AEF5AF7B-9A1A-4EEE-BD32-DEF445EC78F4}.Release|x64.ActiveCfg = Release|Any CPU
		{AEF5AF7B-9A1A-4EEE-BD32-DEF445EC78F4}.Release|x64.Build.0 = Release|Any CPU
		{AEF5AF7B-9A1A-4EEE-BD32-DEF445EC78F4}.Release|x86.ActiveCfg = Release|Any CPU
		{AEF5AF7B-9A1A-4EEE-BD32-DEF445EC78F4}.Release|x86.Build.0 = Release|Any CPU
	EndGlobalSection
	GlobalSection(SolutionProperties) = preSolution
		HideSolutionNode = FALSE
	EndGlobalSection
	GlobalSection(NestedProjects) = preSolution
		{D8702CA8-A8A0-49BC-AE16-64371143865A} = {C2F8FF63-7A48-4179-A720-86206C42F496}
		{EF030F24-7C90-4F67-8515-9E310B400170} = {0FE5BAD8-80AF-4FAA-9A60-436A7675F923}
		{79816993-125A-4D83-9846-FDFB12C42BB1} = {0FE5BAD8-80AF-4FAA-9A60-436A7675F923}
		{D3A9D1ED-F71F-4F67-9B2A-CBAC5085366A} = {0FE5BAD8-80AF-4FAA-9A60-436A7675F923}
		{AEF5AF7B-9A1A-4EEE-BD32-DEF445EC78F4} = {0FE5BAD8-80AF-4FAA-9A60-436A7675F923}
	EndGlobalSection
	GlobalSection(ExtensibilityGlobals) = postSolution
		SolutionGuid = {2EB87445-E263-4E1E-89CC-3839170028E5}
	EndGlobalSection
EndGlobal
